<?xml version="1.0" encoding="utf-8"?>
<Project ToolsVersion="4.0" xmlns="http://schemas.microsoft.com/developer/msbuild/2003">
  <ItemGroup>
    <Filter Include="Source Files">
      <UniqueIdentifier>{4FC737F1-C7A5-4376-A066-2A32D752A2FF}</UniqueIdentifier>
      <Extensions>cpp;c;cc;cxx;def;odl;idl;hpj;bat;asm;asmx</Extensions>
    </Filter>
    <Filter Include="Header Files">
      <UniqueIdentifier>{93995380-89BD-4b04-88EB-625FBE52EBFB}</UniqueIdentifier>
      <Extensions>h;hh;hpp;hxx;hm;inl;inc;xsd</Extensions>
    </Filter>
    <Filter Include="Resource Files">
      <UniqueIdentifier>{67DA6AB6-F800-4c08-8B7A-83BB121AAD01}</UniqueIdentifier>
      <Extensions>rc;ico;cur;bmp;dlg;rc2;rct;bin;rgs;gif;jpg;jpeg;jpe;resx;tiff;tif;png;wav;mfcribbon-ms</Extensions>
    </Filter>
    <Filter Include="Header Files\hash">
      <UniqueIdentifier>{1a006f2d-9c6d-4e39-99dd-6b3547e5d4e1}</UniqueIdentifier>
    </Filter>
    <Filter Include="Source Files\hash">
      <UniqueIdentifier>{4f85ba0a-8a3e-451b-90b5-ad7494263eb3}</UniqueIdentifier>
    </Filter>
    <Filter Include="Source Files\hash\algo">
      <UniqueIdentifier>{de3d799f-1997-4b08-bf39-62e42d2d775c}</UniqueIdentifier>
    </Filter>
    <Filter Include="Header Files\hash\algo">
      <UniqueIdentifier>{27844a6e-8875-4554-9a3e-d873a1577c26}</UniqueIdentifier>
    </Filter>
  </ItemGroup>
  <ItemGroup>
    <ClInclude Include="architecture.h">
      <Filter>Header Files</Filter>
    </ClInclude>
    <ClInclude Include="common.h">
      <Filter>Header Files</Filter>
    </ClInclude>
    <ClInclude Include="hashfactory.h">
      <Filter>Header Files\hash</Filter>
    </ClInclude>
    <ClInclude Include="hash.h">
      <Filter>Header Files\hash</Filter>
    </ClInclude>
    <ClInclude Include="parallelsha256.h">
      <Filter>Header Files\hash\algo</Filter>
    </ClInclude>
    <ClInclude Include="parallelsha256help.h">
      <Filter>Header Files\hash\algo</Filter>
    </ClInclude>
  </ItemGroup>
  <ItemGroup>
    <ClCompile Include="common.cpp">
      <Filter>Source Files</Filter>
    </ClCompile>
    <ClCompile Include="main.cpp">
      <Filter>Source Files</Filter>
    </ClCompile>
    <ClCompile Include="hashfactory.cpp">
      <Filter>Source Files\hash</Filter>
    </ClCompile>
    <ClCompile Include="parallelsha256.cpp">
      <Filter>Source Files\hash\algo</Filter>
    </ClCompile>
    <ClCompile Include="parallelsha256avx.cpp">
      <Filter>Source Files\hash\algo</Filter>
    </ClCompile>
    <ClCompile Include="parallelsha256xop.cpp">
      <Filter>Source Files\hash\algo</Filter>
    </ClCompile>
    <ClCompile Include="parallelsha256avx2.cpp">
      <Filter>Source Files\hash\algo</Filter>
    </ClCompile>
    <ClCompile Include="parallelsha256avx512.cpp">
      <Filter>Source Files\hash\algo</Filter>
    </ClCompile>
    <ClCompile Include="parallelsha256xop2.cpp">
      <Filter>Source Files\hash\algo</Filter>
    </ClCompile>
  </ItemGroup>
</Project>
